
Microsoft Visual Studio Solution File, Format Version 12.00
# Visual Studio Version 17
VisualStudioVersion = 17.4.33213.308
MinimumVisualStudioVersion = 10.0.40219.1
Project("{FAE04EC0-301F-11D3-BF4B-00C04F79EFBC}") = "GenericsDemo", "GenericsDemo\GenericsDemo.csproj", "{1B92101B-84EF-497C-A68B-3B3EDFE2403D}"
EndProject
Global
	GlobalSection(SolutionConfigurationPlatforms) = preSolution
		Debug|Any CPU = Debug|Any CPU
		Release|Any CPU = Release|Any CPU
	EndGlobalSection
	GlobalSection(ProjectConfigurationPlatforms) = postSolution
		{1B92101B-84EF-497C-A68B-3B3EDFE2403D}.Debug|Any CPU.ActiveCfg = Debug|Any CPU
		{1B92101B-84EF-497C-A68B-3B3EDFE2403D}.Debug|Any CPU.Build.0 = Debug|Any CPU
		{1B92101B-84EF-497C-A68B-3B3EDFE2403D}.Release|Any CPU.ActiveCfg = Release|Any CPU
		{1B92101B-84EF-497C-A68B-3B3EDFE2403D}.Release|Any CPU.Build.0 = Release|Any CPU
	EndGlobalSection
	GlobalSection(SolutionProperties) = preSolution
		HideSolutionNode = FALSE
	EndGlobalSection
	GlobalSection(ExtensibilityGlobals) = postSolution
		SolutionGuid = {3FFB84FA-71C8-41AC-A183-0F31E74D0A62}
	EndGlobalSection
EndGlobal
